
Microsoft Visual Studio Solution File, Format Version 12.00
# Visual Studio 15
VisualStudioVersion = 15.0.28010.2041
MinimumVisualStudioVersion = 10.0.40219.1
Project("{FAE04EC0-301F-11D3-BF4B-00C04F79EFBC}") = "TelldusCoreWrapper.WebAPI", "TelldusCoreWrapper.WebAPI\TelldusCoreWrapper.WebAPI.csproj", "{92DC93AE-AF1A-40E5-8FA5-CAC3E4FFD60E}"
EndProject
Global
	GlobalSection(SolutionConfigurationPlatforms) = preSolution
		Debug|Any CPU = Debug|Any CPU
		Release|Any CPU = Release|Any CPU
	EndGlobalSection
	GlobalSection(ProjectConfigurationPlatforms) = postSolution
		{92DC93AE-AF1A-40E5-8FA5-CAC3E4FFD60E}.Debug|Any CPU.ActiveCfg = Debug|Any CPU
		{92DC93AE-AF1A-40E5-8FA5-CAC3E4FFD60E}.Debug|Any CPU.Build.0 = Debug|Any CPU
		{92DC93AE-AF1A-40E5-8FA5-CAC3E4FFD60E}.Release|Any CPU.ActiveCfg = Release|Any CPU
		{92DC93AE-AF1A-40E5-8FA5-CAC3E4FFD60E}.Release|Any CPU.Build.0 = Release|Any CPU
	EndGlobalSection
	GlobalSection(SolutionProperties) = preSolution
		HideSolutionNode = FALSE
	EndGlobalSection
	GlobalSection(ExtensibilityGlobals) = postSolution
		SolutionGuid = {BE8610C3-E83D-4A64-91AB-D29C0371509F}
	EndGlobalSection
EndGlobal
